{
    "_readme": [
        "This file locks the dependencies of your project to a known state",
        "Read more about it at https://getcomposer.org/doc/01-basic-usage.md#installing-dependencies",
        "This file is @generated automatically"
    ],
    "content-hash": "3d65db2f7e6ddd970d772accba37a468",
    "packages": [
        {
            "name": "emdotem/php-mysqli-database-class",
            "version": "v2.9.4",
            "source": {
                "type": "git",
                "url": "https://github.com/emdotem/PHP-MySQLi-Database-Class.git",
                "reference": "db001634075631badd597db72fbe5c216f7b2ba5"
            },
            "dist": {
                "type": "zip",
                "url": "https://api.github.com/repos/emdotem/PHP-MySQLi-Database-Class/zipball/db001634075631badd597db72fbe5c216f7b2ba5",
                "reference": "db001634075631badd597db72fbe5c216f7b2ba5",
                "shasum": ""
            },
            "require": {
                "php": ">=5.3.0"
            },
            "type": "library",
            "autoload": {
                "files": [
                    "MysqliDb.php",
                    "dbObject.php"
                ]
            },
            "notification-url": "https://packagist.org/downloads/",
            "license": [
                "GPL-3.0-or-later"
            ],
            "authors": [
                {
                    "name": "Josh Campbell",
                    "email": "josh.lee.campbell@gmail.com",
                    "homepage": "https://github.com/thingengineer",
                    "role": "Developer"
                },
                {
                    "name": "Alexander V. Butenko",
                    "email": "a.butenka@gmail.com",
                    "homepage": "http://smarttechdo.com",
                    "role": "Developer"
                }
            ],
            "description": "PHP MySQL Wrapper and object mapper which utilizes MySQLi and prepared statements",
            "support": {
                "source": "https://github.com/emdotem/PHP-MySQLi-Database-Class/tree/master"
            },
            "time": "2020-04-22T17:35:09+00:00"
        },
        {
            "name": "linqur/singleton",
            "version": "v5.6.0",
            "source": {
                "type": "git",
                "url": "https://github.com/linqur/Singleton.git",
                "reference": "477651c75138c57b0ad817fd7015703bcc71bf32"
            },
            "dist": {
                "type": "zip",
                "url": "https://api.github.com/repos/linqur/Singleton/zipball/477651c75138c57b0ad817fd7015703bcc71bf32",
                "reference": "477651c75138c57b0ad817fd7015703bcc71bf32",
                "shasum": ""
            },
            "require": {
                "php": ">=5.6.0"
            },
            "type": "library",
            "autoload": {
                "psr-4": {
                    "Linqur\\Singleton\\": "src/"
                }
            },
            "notification-url": "https://packagist.org/downloads/",
            "license": [
                "Apache-2.0"
            ],
            "authors": [
                {
                    "name": "oleg khrulev",
                    "email": "linqur@gmail.com"
                }
            ],
            "description": "Реализация шаблона singleton",
            "support": {
                "issues": "https://github.com/linqur/Singleton/issues",
                "source": "https://github.com/linqur/Singleton/tree/v5.6.0"
            },
            "time": "2022-09-12T13:24:19+00:00"
        }
    ],
    "packages-dev": [],
    "aliases": [],
    "minimum-stability": "stable",
    "stability-flags": [],
    "prefer-stable": false,
    "prefer-lowest": false,
    "platform": [],
    "platform-dev": [],
    "plugin-api-version": "2.2.0"
}
